
Microsoft Visual Studio Solution File, Format Version 12.00
# Visual Studio Version 16
VisualStudioVersion = 16.0.28407.52
MinimumVisualStudioVersion = 10.0.40219.1
Project("{FAE04EC0-301F-11D3-BF4B-00C04F79EFBC}") = "CSharpInFocus", "CSharpInFocus.csproj", "{BB2FBE89-C8DB-44CE-888C-AE67329BBE9C}"
EndProject
Project("{FAE04EC0-301F-11D3-BF4B-00C04F79EFBC}") = "AsyncReturnDemo", "AsyncReturnDemo\AsyncReturnDemo.csproj", "{51F1AD1C-D315-45D4-BC5F-143769088D30}"
EndProject
Global
	GlobalSection(SolutionConfigurationPlatforms) = preSolution
		Debug|Any CPU = Debug|Any CPU
		Release|Any CPU = Release|Any CPU
	EndGlobalSection
	GlobalSection(ProjectConfigurationPlatforms) = postSolution
		{BB2FBE89-C8DB-44CE-888C-AE67329BBE9C}.Debug|Any CPU.ActiveCfg = Debug|Any CPU
		{BB2FBE89-C8DB-44CE-888C-AE67329BBE9C}.Debug|Any CPU.Build.0 = Debug|Any CPU
		{BB2FBE89-C8DB-44CE-888C-AE67329BBE9C}.Release|Any CPU.ActiveCfg = Release|Any CPU
		{BB2FBE89-C8DB-44CE-888C-AE67329BBE9C}.Release|Any CPU.Build.0 = Release|Any CPU
		{51F1AD1C-D315-45D4-BC5F-143769088D30}.Debug|Any CPU.ActiveCfg = Debug|Any CPU
		{51F1AD1C-D315-45D4-BC5F-143769088D30}.Debug|Any CPU.Build.0 = Debug|Any CPU
		{51F1AD1C-D315-45D4-BC5F-143769088D30}.Release|Any CPU.ActiveCfg = Release|Any CPU
		{51F1AD1C-D315-45D4-BC5F-143769088D30}.Release|Any CPU.Build.0 = Release|Any CPU
	EndGlobalSection
	GlobalSection(SolutionProperties) = preSolution
		HideSolutionNode = FALSE
	EndGlobalSection
	GlobalSection(ExtensibilityGlobals) = postSolution
		SolutionGuid = {63F9B663-F161-4A93-B487-7D148518316B}
	EndGlobalSection
EndGlobal
