
Microsoft Visual Studio Solution File, Format Version 12.00
# Visual Studio Version 16
VisualStudioVersion = 16.0.28407.52
MinimumVisualStudioVersion = 10.0.40219.1
Project("{FAE04EC0-301F-11D3-BF4B-00C04F79EFBC}") = "NewCSharp", "NewCSharp\NewCSharp.csproj", "{8A744D40-7F7C-4804-9753-366140940192}"
EndProject
Project("{FAE04EC0-301F-11D3-BF4B-00C04F79EFBC}") = "ConsoleAppAsync", "..\ConsoleAppAsync\ConsoleAppAsync.csproj", "{FEB92DA5-6C16-4C8C-B37D-8E141964F7AE}"
EndProject
Global
	GlobalSection(SolutionConfigurationPlatforms) = preSolution
		Debug|Any CPU = Debug|Any CPU
		Release|Any CPU = Release|Any CPU
	EndGlobalSection
	GlobalSection(ProjectConfigurationPlatforms) = postSolution
		{8A744D40-7F7C-4804-9753-366140940192}.Debug|Any CPU.ActiveCfg = Debug|Any CPU
		{8A744D40-7F7C-4804-9753-366140940192}.Debug|Any CPU.Build.0 = Debug|Any CPU
		{8A744D40-7F7C-4804-9753-366140940192}.Release|Any CPU.ActiveCfg = Release|Any CPU
		{8A744D40-7F7C-4804-9753-366140940192}.Release|Any CPU.Build.0 = Release|Any CPU
		{FEB92DA5-6C16-4C8C-B37D-8E141964F7AE}.Debug|Any CPU.ActiveCfg = Debug|Any CPU
		{FEB92DA5-6C16-4C8C-B37D-8E141964F7AE}.Debug|Any CPU.Build.0 = Debug|Any CPU
		{FEB92DA5-6C16-4C8C-B37D-8E141964F7AE}.Release|Any CPU.ActiveCfg = Release|Any CPU
		{FEB92DA5-6C16-4C8C-B37D-8E141964F7AE}.Release|Any CPU.Build.0 = Release|Any CPU
	EndGlobalSection
	GlobalSection(SolutionProperties) = preSolution
		HideSolutionNode = FALSE
	EndGlobalSection
	GlobalSection(ExtensibilityGlobals) = postSolution
		SolutionGuid = {F7595329-8B05-4A44-9450-26DD17832189}
	EndGlobalSection
EndGlobal
